
Microsoft Visual Studio Solution File, Format Version 12.00
# Visual Studio Version 16
VisualStudioVersion = 16.0.30907.101
MinimumVisualStudioVersion = 10.0.40219.1
Project("{9A19103F-16F7-4668-BE54-9A1E7A4F7556}") = "StringParse", "StringParse\StringParse.csproj", "{8A1F0745-ED1C-4AD2-925D-75B1A3985CBF}"
EndProject
Project("{9A19103F-16F7-4668-BE54-9A1E7A4F7556}") = "StringParse.Tests", "StringParse.Tests\StringParse.Tests.csproj", "{AADD06A0-A7DF-415A-8596-B9164FB308B1}"
EndProject
Project("{2150E333-8FDC-42A3-9474-1A3956D46DE8}") = "Solution Items", "Solution Items", "{1CC70429-D2DB-410D-9054-FC6C8BE4DEE1}"
	ProjectSection(SolutionItems) = preProject
		.editorconfig = .editorconfig
		LICENSE = LICENSE
	EndProjectSection
EndProject
Global
	GlobalSection(SolutionConfigurationPlatforms) = preSolution
		Debug|Any CPU = Debug|Any CPU
		Release|Any CPU = Release|Any CPU
	EndGlobalSection
	GlobalSection(ProjectConfigurationPlatforms) = postSolution
		{8A1F0745-ED1C-4AD2-925D-75B1A3985CBF}.Debug|Any CPU.ActiveCfg = Debug|Any CPU
		{8A1F0745-ED1C-4AD2-925D-75B1A3985CBF}.Debug|Any CPU.Build.0 = Debug|Any CPU
		{8A1F0745-ED1C-4AD2-925D-75B1A3985CBF}.Release|Any CPU.ActiveCfg = Release|Any CPU
		{8A1F0745-ED1C-4AD2-925D-75B1A3985CBF}.Release|Any CPU.Build.0 = Release|Any CPU
		{AADD06A0-A7DF-415A-8596-B9164FB308B1}.Debug|Any CPU.ActiveCfg = Debug|Any CPU
		{AADD06A0-A7DF-415A-8596-B9164FB308B1}.Debug|Any CPU.Build.0 = Debug|Any CPU
		{AADD06A0-A7DF-415A-8596-B9164FB308B1}.Release|Any CPU.ActiveCfg = Release|Any CPU
		{AADD06A0-A7DF-415A-8596-B9164FB308B1}.Release|Any CPU.Build.0 = Release|Any CPU
	EndGlobalSection
	GlobalSection(SolutionProperties) = preSolution
		HideSolutionNode = FALSE
	EndGlobalSection
	GlobalSection(ExtensibilityGlobals) = postSolution
		SolutionGuid = {81CE0610-CDF5-4B83-BB59-DBBF24195C44}
	EndGlobalSection
EndGlobal
